
Microsoft Visual Studio Solution File, Format Version 12.00
# Visual Studio Version 17
VisualStudioVersion = 17.4.33103.184
MinimumVisualStudioVersion = 10.0.40219.1
Project("{9A19103F-16F7-4668-BE54-9A1E7A4F7556}") = "cSharpClass", "cSharpClass\cSharpClass.csproj", "{81FE4150-CA16-4B6B-823F-F7909E5E3206}"
EndProject
Project("{9A19103F-16F7-4668-BE54-9A1E7A4F7556}") = "cSharpMethods", "..\cSharpMethods\cSharpMethods\cSharpMethods.csproj", "{AEA0123E-A757-479A-A005-7152FDF73CD5}"
EndProject
Global
	GlobalSection(SolutionConfigurationPlatforms) = preSolution
		Debug|Any CPU = Debug|Any CPU
		Release|Any CPU = Release|Any CPU
	EndGlobalSection
	GlobalSection(ProjectConfigurationPlatforms) = postSolution
		{81FE4150-CA16-4B6B-823F-F7909E5E3206}.Debug|Any CPU.ActiveCfg = Debug|Any CPU
		{81FE4150-CA16-4B6B-823F-F7909E5E3206}.Debug|Any CPU.Build.0 = Debug|Any CPU
		{81FE4150-CA16-4B6B-823F-F7909E5E3206}.Release|Any CPU.ActiveCfg = Release|Any CPU
		{81FE4150-CA16-4B6B-823F-F7909E5E3206}.Release|Any CPU.Build.0 = Release|Any CPU
		{AEA0123E-A757-479A-A005-7152FDF73CD5}.Debug|Any CPU.ActiveCfg = Debug|Any CPU
		{AEA0123E-A757-479A-A005-7152FDF73CD5}.Debug|Any CPU.Build.0 = Debug|Any CPU
		{AEA0123E-A757-479A-A005-7152FDF73CD5}.Release|Any CPU.ActiveCfg = Release|Any CPU
		{AEA0123E-A757-479A-A005-7152FDF73CD5}.Release|Any CPU.Build.0 = Release|Any CPU
	EndGlobalSection
	GlobalSection(SolutionProperties) = preSolution
		HideSolutionNode = FALSE
	EndGlobalSection
	GlobalSection(ExtensibilityGlobals) = postSolution
		SolutionGuid = {F52EDEEC-A45B-4C70-BCD6-DD375120ACAF}
	EndGlobalSection
EndGlobal
